{
  "version": 1,
  "dependencies": {
    ".NETCoreApp,Version=v3.1": {
      "Microsoft.AspNetCore.Mvc.Versioning": {
        "type": "Direct",
        "requested": "[4.1.1, )",
        "resolved": "4.1.1",
        "contentHash": "ioFhRz5gm2Ny+t758Jab638eTG8Uui++klcH00EgBuU/BQbjkbFY+9xw/CkoAChIcrJsoQP2NKDYJ09zN5jR0g=="
      },
      "Microsoft.Extensions.Logging": {
        "type": "Direct",
        "requested": "[5.0.0-preview.2.20160.3, )",
        "resolved": "5.0.0-preview.2.20160.3",
        "contentHash": "XrBQr6f3Toq5ShlqxUvCsDETOv3zWOo/wkV5cuEVPuIcCYjXYKilGAGhRqUW5q6p7CINYG8mI2NrEr+FWHeEuA==",
        "dependencies": {
          "Microsoft.Extensions.Configuration.Binder": "5.0.0-preview.2.20160.3",
          "Microsoft.Extensions.DependencyInjection": "5.0.0-preview.2.20160.3",
          "Microsoft.Extensions.Logging.Abstractions": "5.0.0-preview.2.20160.3",
          "Microsoft.Extensions.Options": "5.0.0-preview.2.20160.3"
        }
      },
      "Microsoft.Extensions.Configuration": {
        "type": "Transitive",
        "resolved": "5.0.0-preview.2.20160.3",
        "contentHash": "nhY9jftQVTbLgvKFD2Wq+a+tyHVfD16Y8TE1IUPPzanIwb3IRvfYH+mPnKZsV+oToxN+AH9cXY2sIV7JADEAjA==",
        "dependencies": {
          "Microsoft.Extensions.Configuration.Abstractions": "5.0.0-preview.2.20160.3"
        }
      },
      "Microsoft.Extensions.Configuration.Abstractions": {
        "type": "Transitive",
        "resolved": "5.0.0-preview.2.20160.3",
        "contentHash": "rimAfoI0tfPvcRMGsnzMtm5dKo3/VPFV34iy9gAY3Emoe5wH8ShndQNLtfcRagFbrv1t+i5Ywi85Kn032VuLsQ==",
        "dependencies": {
          "Microsoft.Extensions.Primitives": "5.0.0-preview.2.20160.3"
        }
      },
      "Microsoft.Extensions.Configuration.Binder": {
        "type": "Transitive",
        "resolved": "5.0.0-preview.2.20160.3",
        "contentHash": "w2MgqzJoMBf+w2IsU6dXkndRSyASEGTGvTHnNfgruk9kEY0ZYXFStj5iFKPgWmqr8SnmPwU0TzkvU3OmhbXfIQ==",
        "dependencies": {
          "Microsoft.Extensions.Configuration": "5.0.0-preview.2.20160.3"
        }
      },
      "Microsoft.Extensions.DependencyInjection": {
        "type": "Transitive",
        "resolved": "5.0.0-preview.2.20160.3",
        "contentHash": "yYtep2ze7v8+3DtcqhDwq+bNRVkkmsWL+elgKnZpFfodXMQLYj6mhPhhyR21ahDU4L5Hp18eyBLPOwhIlYF7jQ==",
        "dependencies": {
          "Microsoft.Extensions.DependencyInjection.Abstractions": "5.0.0-preview.2.20160.3"
        }
      },
      "Microsoft.Extensions.DependencyInjection.Abstractions": {
        "type": "Transitive",
        "resolved": "5.0.0-preview.2.20160.3",
        "contentHash": "cnfmrP7IPLEug3f6KvvlvojXnpl3F3deR27gN0W8uHEtppG62oxk4zgty6Uao+Vy2nMRC5jKzzowfSbsB/HtlQ=="
      },
      "Microsoft.Extensions.Logging.Abstractions": {
        "type": "Transitive",
        "resolved": "5.0.0-preview.2.20160.3",
        "contentHash": "52UsOzTiM+XxGl52VmtwuT5SUDM/fQT4L9/7X+idc2BRnRuwSGF5S7bCrkxjO7Bo2OJ7u95q96jBpV68qZEzYA=="
      },
      "Microsoft.Extensions.Options": {
        "type": "Transitive",
        "resolved": "5.0.0-preview.2.20160.3",
        "contentHash": "ESzc7lwMQgBP21XBKGnar4gTGsuunbYxguBnjRNpCO25E5T9zKd+04v+WYJVTVCgye4Oubv8tShCYROioRfz4A==",
        "dependencies": {
          "Microsoft.Extensions.DependencyInjection.Abstractions": "5.0.0-preview.2.20160.3",
          "Microsoft.Extensions.Primitives": "5.0.0-preview.2.20160.3",
          "System.ComponentModel.Annotations": "5.0.0-preview.2.20160.6"
        }
      },
      "Microsoft.Extensions.Primitives": {
        "type": "Transitive",
        "resolved": "5.0.0-preview.2.20160.3",
        "contentHash": "DfooicEVtTjnb0a0iVjjFcQfXxrvrBEIb9bcE27j5N9wiStaS3FWm7GC7X/IRaL5LMnFQjnoObXdsZOpPPsLTw==",
        "dependencies": {
          "System.Memory": "4.5.2",
          "System.Runtime.CompilerServices.Unsafe": "5.0.0-preview.2.20160.6"
        }
      },
      "System.ComponentModel.Annotations": {
        "type": "Transitive",
        "resolved": "5.0.0-preview.2.20160.6",
        "contentHash": "R+jZ52U4QTkQLhS/w4jpQhkKjel9+/Py2ZimOK3gxXXE3IhTeUHLl+OFF+cr35MySNR/WP36lg8SXk1mP7ogFA=="
      },
      "System.Memory": {
        "type": "Transitive",
        "resolved": "4.5.2",
        "contentHash": "fvq1GNmUFwbKv+aLVYYdgu/+gc8Nu9oFujOxIjPrsf+meis9JBzTPDL6aP/eeGOz9yPj6rRLUbOjKMpsMEWpNg=="
      },
      "System.Runtime.CompilerServices.Unsafe": {
        "type": "Transitive",
        "resolved": "5.0.0-preview.2.20160.6",
        "contentHash": "wZAKKvdMSgxyDKMDE2cAdRULqdREhx4N6k539XeS4h8vnnrSQSBMs+FJKyqoYp+mcTbQldWaf/0ucKUIbw3MYg=="
      }
    }
  }
}