{
  "name": "api.core.solarmeasurementsproxy",
  "version": "1.0.0",
  "lockfileVersion": 1,
  "requires": true,
  "dependencies": {
    "@microsoft.azure/autorest-core": {
      "version": "3.0.5530",
      "resolved": "https://registry.npmjs.org/@microsoft.azure/autorest-core/-/autorest-core-3.0.5530.tgz",
      "integrity": "sha512-OEndfg8FfwyaSxD+GceeJSVah9wIXdvxbzaSnCNt4vQgcqmmPJN0p9PHvqh7UywDl0B4nXdpMgSvEcQ4dj7fPA=="
    },
    "@microsoft.azure/autorest.csharp": {
      "version": "2.3.82",
      "resolved": "https://registry.npmjs.org/@microsoft.azure/autorest.csharp/-/autorest.csharp-2.3.82.tgz",
      "integrity": "sha512-7KD0UMgr4b/XqF9UZ+dikN/FoNxskg5s15gCei54lkVTfMb0IUsYBnaP8CEASlbUg9azCqIxNKWzKGaitDMSyw==",
      "requires": {
        "dotnet-2.0.0": "^1.4.4"
      }
    },
    "@microsoft.azure/autorest.modeler": {
      "version": "3.0.53",
      "resolved": "https://registry.npmjs.org/@microsoft.azure/autorest.modeler/-/autorest.modeler-3.0.53.tgz",
      "integrity": "sha1-T03+h7EsqNcLf453iJ53QZYzLGk=",
      "requires": {
        "dotnet-2.0.0": "^1.4.4"
      }
    },
    "autorest": {
      "version": "3.0.5229",
      "resolved": "https://registry.npmjs.org/autorest/-/autorest-3.0.5229.tgz",
      "integrity": "sha512-oVI7Uuz3iEstK50xaqnUZe9HJ50v8HRZPzjPwJxLN3vQ30aJroOj6p+Sn8Qwn5xA1yvWYXX5dkzNfnml+wdi/g=="
    },
    "dotnet-2.0.0": {
      "version": "1.4.4",
      "resolved": "https://registry.npmjs.org/dotnet-2.0.0/-/dotnet-2.0.0-1.4.4.tgz",
      "integrity": "sha512-KDbUncVUhwkJH2wjL9gbUWQ5NcZIe+PFEI0CGTMtX5TImFG6Nlt9CABVGBBG+oWf13zLARaBVenkD20moz1NPw=="
    }
  }
}
