{
  "version": 1,
  "dependencies": {
    ".NETStandard,Version=v2.0": {
      "Microsoft.Rest.ClientRuntime": {
        "type": "Direct",
        "requested": "[2.3.21, )",
        "resolved": "2.3.21",
        "contentHash": "KDYlgTyO693V6pi6SGk9eg+dDvKjuOgmkapbHdpnB1SmTPKpvWxVLIMyARJsCFLfB6axyURUJHOfvxBQ0yJKeg==",
        "dependencies": {
          "Newtonsoft.Json": "10.0.3"
        }
      },
      "Microsoft.SourceLink.GitHub": {
        "type": "Direct",
        "requested": "[1.0.0, )",
        "resolved": "1.0.0",
        "contentHash": "aZyGyGg2nFSxix+xMkPmlmZSsnGQ3w+mIG23LTxJZHN+GPwTQ5FpPgDo7RMOq+Kcf5D4hFWfXkGhoGstawX13Q==",
        "dependencies": {
          "Microsoft.Build.Tasks.Git": "1.0.0",
          "Microsoft.SourceLink.Common": "1.0.0"
        }
      },
      "NETStandard.Library": {
        "type": "Direct",
        "requested": "[2.0.3, )",
        "resolved": "2.0.3",
        "contentHash": "st47PosZSHrjECdjeIzZQbzivYBJFv6P2nv4cj2ypdI204DO+vZ7l5raGMiX4eXMJ53RfOIg+/s4DHVZ54Nu2A==",
        "dependencies": {
          "Microsoft.NETCore.Platforms": "1.1.0"
        }
      },
      "Microsoft.Build.Tasks.Git": {
        "type": "Transitive",
        "resolved": "1.0.0",
        "contentHash": "z2fpmmt+1Jfl+ZnBki9nSP08S1/tbEOxFdsK1rSR+LBehIJz1Xv9/6qOOoGNqlwnAGGVGis1Oj6S8Kt9COEYlQ=="
      },
      "Microsoft.CSharp": {
        "type": "Transitive",
        "resolved": "4.3.0",
        "contentHash": "BREgovJFklysHDSaEHCA+vsf/v25J3cuaqCzmZbSQwGxeVNLuDPptL1b5pBgy9nLsGhoM34J7rZoLOi1NqCFnw==",
        "dependencies": {
          "System.Collections": "4.3.0",
          "System.Diagnostics.Debug": "4.3.0",
          "System.Dynamic.Runtime": "4.3.0",
          "System.Globalization": "4.3.0",
          "System.Linq": "4.3.0",
          "System.Linq.Expressions": "4.3.0",
          "System.ObjectModel": "4.3.0",
          "System.Reflection": "4.3.0",
          "System.Reflection.Extensions": "4.3.0",
          "System.Reflection.Primitives": "4.3.0",
          "System.Reflection.TypeExtensions": "4.3.0",
          "System.Resources.ResourceManager": "4.3.0",
          "System.Runtime": "4.3.0",
          "System.Runtime.Extensions": "4.3.0",
          "System.Runtime.InteropServices": "4.3.0",
          "System.Threading": "4.3.0"
        }
      },
      "Microsoft.NETCore.Platforms": {
        "type": "Transitive",
        "resolved": "1.1.0",
        "contentHash": "tPdPqdeWpZQIHFehyFgzzrpJ6707sZHajLr0Z6rS7pwmVl7kommkpbKTyk8ds6LNSxpt0/uycBwCQmo9MUyJYQ=="
      },
      "Microsoft.NETCore.Targets": {
        "type": "Transitive",
        "resolved": "1.1.0",
        "contentHash": "0Bvd+N5UjCK18/+eYscjDJAj0SkOj0yUP2F/oO4myyMDTpvS4INLKl2/2N86gDaEtG1U6hYAyzd492lx67/K4w=="
      },
      "Microsoft.SourceLink.Common": {
        "type": "Transitive",
        "resolved": "1.0.0",
        "contentHash": "G8DuQY8/DK5NN+3jm5wcMcd9QYD90UV7MiLmdljSJixi3U/vNaeBKmmXUqI4DJCOeWizIUEh4ALhSt58mR+5eg=="
      },
      "Newtonsoft.Json": {
        "type": "Transitive",
        "resolved": "10.0.3",
        "contentHash": "hSXaFmh7hNCuEoC4XNY5DrRkLDzYHqPx/Ik23R4J86Z7PE/Y6YidhG602dFVdLBRSdG6xp9NabH3dXpcoxWvww==",
        "dependencies": {
          "Microsoft.CSharp": "4.3.0",
          "NETStandard.Library": "1.6.1",
          "System.ComponentModel.TypeConverter": "4.3.0",
          "System.Runtime.Serialization.Formatters": "4.3.0",
          "System.Runtime.Serialization.Primitives": "4.3.0",
          "System.Xml.XmlDocument": "4.3.0"
        }
      },
      "System.Collections": {
        "type": "Transitive",
        "resolved": "4.3.0",
        "contentHash": "RaCmrPsAX8KDGY1aQnPGQRBPXamt6va1uiHggrOFmLXMoRcpmuUGTIY9QXvbahdLL2NCE3uHPPtgMEoltozfmA==",
        "dependencies": {
          "Microsoft.NETCore.Platforms": "1.1.0",
          "Microsoft.NETCore.Targets": "1.1.0",
          "System.Runtime": "4.3.0"
        }
      },
      "System.Collections.NonGeneric": {
        "type": "Transitive",
        "resolved": "4.3.0",
        "contentHash": "QwHKIcY45lCUzZgpJVXFBeP2uYw/30BBdzt83sIZOFrSTdsuOr69G+3ALVTTwUCEm4ih6p7Ts9QHDL7YBO7I8g==",
        "dependencies": {
          "System.Diagnostics.Debug": "4.3.0",
          "System.Globalization": "4.3.0",
          "System.Resources.ResourceManager": "4.3.0",
          "System.Runtime": "4.3.0",
          "System.Runtime.Extensions": "4.3.0",
          "System.Threading": "4.3.0"
        }
      },
      "System.Collections.Specialized": {
        "type": "Transitive",
        "resolved": "4.3.0",
        "contentHash": "XpUKulfhWvwLsQSQtheDLyEOvczSDF2Ch5BCrPuN8WJhyhLpAf0sSK5QXEOiSjy8YJD9CkB8B/5Nhv98PEgorg==",
        "dependencies": {
          "System.Collections.NonGeneric": "4.3.0",
          "System.Globalization": "4.3.0",
          "System.Globalization.Extensions": "4.3.0",
          "System.Resources.ResourceManager": "4.3.0",
          "System.Runtime": "4.3.0",
          "System.Runtime.Extensions": "4.3.0",
          "System.Threading": "4.3.0"
        }
      },
      "System.ComponentModel": {
        "type": "Transitive",
        "resolved": "4.3.0",
        "contentHash": "ZMdGipJt5Ae/hPCVU/ox8wpl3xZKK3LYXB9xZIy2hFLesx8qGifgeuYu+EmoojwMN9xskDiyvIFUpsw0he325Q==",
        "dependencies": {
          "System.Runtime": "4.3.0"
        }
      },
      "System.ComponentModel.Primitives": {
        "type": "Transitive",
        "resolved": "4.3.0",
        "contentHash": "EhCb9GRDQ68+zwHaEUqvPrWuFSfWaHNvqaqoD0abq1fhf4HFw6vnnhpZQCUreh5LxDUO/dxQGQ4nUMHBlo7fiw==",
        "dependencies": {
          "System.ComponentModel": "4.3.0",
          "System.Resources.ResourceManager": "4.3.0",
          "System.Runtime": "4.3.0"
        }
      },
      "System.ComponentModel.TypeConverter": {
        "type": "Transitive",
        "resolved": "4.3.0",
        "contentHash": "g8HPrNCYKeR7+C7tMy/LVCyfYShFGx1xwJr9K7fzM6N7NtMn24Ax+0iRXXCp+kTv/eBSZLYZIsyTQTrPMZ+r4Q==",
        "dependencies": {
          "System.Collections": "4.3.0",
          "System.Collections.NonGeneric": "4.3.0",
          "System.Collections.Specialized": "4.3.0",
          "System.ComponentModel": "4.3.0",
          "System.ComponentModel.Primitives": "4.3.0",
          "System.Globalization": "4.3.0",
          "System.Linq": "4.3.0",
          "System.Reflection": "4.3.0",
          "System.Reflection.Extensions": "4.3.0",
          "System.Reflection.Primitives": "4.3.0",
          "System.Reflection.TypeExtensions": "4.3.0",
          "System.Resources.ResourceManager": "4.3.0",
          "System.Runtime": "4.3.0",
          "System.Runtime.Extensions": "4.3.0",
          "System.Threading": "4.3.0"
        }
      },
      "System.Diagnostics.Debug": {
        "type": "Transitive",
        "resolved": "4.3.0",
        "contentHash": "7yCC+u042pq+oOD/gCN63KF1/NbN83hqeLqBgOOS2Gk98b5JAagoL/TFsPnP4aTXA7rCgioyoST5J8ksENTobA==",
        "dependencies": {
          "Microsoft.NETCore.Platforms": "1.1.0",
          "Microsoft.NETCore.Targets": "1.1.0",
          "System.Runtime": "4.3.0"
        }
      },
      "System.Dynamic.Runtime": {
        "type": "Transitive",
        "resolved": "4.3.0",
        "contentHash": "68wZ/dQlOX1eN+Gu+5WbT1Hq9qG+99CAL/WKoSlINY+p4hlCanpy92EN+Lmjr3jLIcaW+9KTDF+JUmpcItBYwQ==",
        "dependencies": {
          "System.Collections": "4.3.0",
          "System.Diagnostics.Debug": "4.3.0",
          "System.Linq": "4.3.0",
          "System.Linq.Expressions": "4.3.0",
          "System.ObjectModel": "4.3.0",
          "System.Reflection": "4.3.0",
          "System.Reflection.Emit": "4.3.0",
          "System.Reflection.Emit.ILGeneration": "4.3.0",
          "System.Reflection.Primitives": "4.3.0",
          "System.Reflection.TypeExtensions": "4.3.0",
          "System.Resources.ResourceManager": "4.3.0",
          "System.Runtime": "4.3.0",
          "System.Runtime.Extensions": "4.3.0",
          "System.Threading": "4.3.0"
        }
      },
      "System.Globalization": {
        "type": "Transitive",
        "resolved": "4.3.0",
        "contentHash": "0DRO8yhxk6kd6QChBciJLcRxg1YcPT1c29FP9i4QeKfv5ZOsG9mQgorc7walecF5uzXQmZtbIDpZt1jT9qm8PA==",
        "dependencies": {
          "Microsoft.NETCore.Platforms": "1.1.0",
          "Microsoft.NETCore.Targets": "1.1.0",
          "System.Runtime": "4.3.0"
        }
      },
      "System.Globalization.Extensions": {
        "type": "Transitive",
        "resolved": "4.3.0",
        "contentHash": "feOy8LpsMEIBe1HtlpbW8+0JUnQg5Ai9P6x7JdZFczpT/075qBd90zVHktuJCVAImUuYSccx29ejg9w/HzaGOA==",
        "dependencies": {
          "Microsoft.NETCore.Platforms": "1.1.0",
          "System.Globalization": "4.3.0",
          "System.Resources.ResourceManager": "4.3.0",
          "System.Runtime": "4.3.0",
          "System.Runtime.Extensions": "4.3.0",
          "System.Runtime.InteropServices": "4.3.0"
        }
      },
      "System.IO": {
        "type": "Transitive",
        "resolved": "4.3.0",
        "contentHash": "kJ6Gobpe+Yi8ygjpSaQ/mw+6sSxdBcb77SKIIRD95snG5EFSR2FddMWEJryOMBtKisJj4L3lfUJHBkEK3D1mMw==",
        "dependencies": {
          "Microsoft.NETCore.Platforms": "1.1.0",
          "Microsoft.NETCore.Targets": "1.1.0",
          "System.Runtime": "4.3.0",
          "System.Text.Encoding": "4.3.0",
          "System.Threading.Tasks": "4.3.0"
        }
      },
      "System.IO.FileSystem": {
        "type": "Transitive",
        "resolved": "4.3.0",
        "contentHash": "ICAdPTxHJhom+cfdRhXc6+6d9jfKN+3mwmDNAyDMpLMzrWxnO/7X6fIJt7Ze/e9ShxXHwDM9+FM245A7UN4D3A==",
        "dependencies": {
          "Microsoft.NETCore.Platforms": "1.1.0",
          "Microsoft.NETCore.Targets": "1.1.0",
          "System.IO": "4.3.0",
          "System.IO.FileSystem.Primitives": "4.3.0",
          "System.Runtime": "4.3.0",
          "System.Runtime.Handles": "4.3.0",
          "System.Text.Encoding": "4.3.0",
          "System.Threading.Tasks": "4.3.0"
        }
      },
      "System.IO.FileSystem.Primitives": {
        "type": "Transitive",
        "resolved": "4.3.0",
        "contentHash": "ag88tRh97ecuBucYCbEWro4pgkIKNwCVks/JbWCfeqYBuuMEJmYHBX+IPyhWFm81d/FmjPnGqoKpU5zqifi1Hg==",
        "dependencies": {
          "System.Runtime": "4.3.0"
        }
      },
      "System.Linq": {
        "type": "Transitive",
        "resolved": "4.3.0",
        "contentHash": "SpAH8rOSBAa/G0h2BRfth3sezQgiuRNKfATRWOwJ4FZMaMuVsSShyhAcHqA69H4dKAB8JY6TCgDwdxp01jM3Mw==",
        "dependencies": {
          "System.Collections": "4.3.0",
          "System.Diagnostics.Debug": "4.3.0",
          "System.Resources.ResourceManager": "4.3.0",
          "System.Runtime": "4.3.0",
          "System.Runtime.Extensions": "4.3.0"
        }
      },
      "System.Linq.Expressions": {
        "type": "Transitive",
        "resolved": "4.3.0",
        "contentHash": "gqqLNM2ppho2TvNMYKjeHZNAM+XsO5dcqK3Tbib2IoEJdhVHaiSe5q/ePi33tXNZRcZ63LNhlASXggk/2ZhsCA==",
        "dependencies": {
          "System.Collections": "4.3.0",
          "System.Diagnostics.Debug": "4.3.0",
          "System.Globalization": "4.3.0",
          "System.IO": "4.3.0",
          "System.Linq": "4.3.0",
          "System.ObjectModel": "4.3.0",
          "System.Reflection": "4.3.0",
          "System.Reflection.Emit": "4.3.0",
          "System.Reflection.Emit.ILGeneration": "4.3.0",
          "System.Reflection.Emit.Lightweight": "4.3.0",
          "System.Reflection.Extensions": "4.3.0",
          "System.Reflection.Primitives": "4.3.0",
          "System.Reflection.TypeExtensions": "4.3.0",
          "System.Resources.ResourceManager": "4.3.0",
          "System.Runtime": "4.3.0",
          "System.Runtime.Extensions": "4.3.0",
          "System.Threading": "4.3.0"
        }
      },
      "System.ObjectModel": {
        "type": "Transitive",
        "resolved": "4.3.0",
        "contentHash": "3UQk6DiazyM7uviiZwQTx20cUty6H58fyBoqwBPgd1RiKj2mafVUjrOvcN8va/uiY2LROZBfy4QcuOBGg78NjQ==",
        "dependencies": {
          "System.Collections": "4.3.0",
          "System.Diagnostics.Debug": "4.3.0",
          "System.Resources.ResourceManager": "4.3.0",
          "System.Runtime": "4.3.0",
          "System.Threading": "4.3.0"
        }
      },
      "System.Reflection": {
        "type": "Transitive",
        "resolved": "4.3.0",
        "contentHash": "StS7LbY6f0lP8WgaGKcFU8olYLbAHCoHxxT9zEMqNdZd6k7RHXfGh8WHJXnLgFu1o0fUkh7t7ytSsvhBQoCT5g==",
        "dependencies": {
          "Microsoft.NETCore.Platforms": "1.1.0",
          "Microsoft.NETCore.Targets": "1.1.0",
          "System.IO": "4.3.0",
          "System.Reflection.Primitives": "4.3.0",
          "System.Runtime": "4.3.0"
        }
      },
      "System.Reflection.Emit": {
        "type": "Transitive",
        "resolved": "4.3.0",
        "contentHash": "3u3QVOYPl0r0nyDqDF00U96nnhAD5zwgWMcSTDfzAiCMNQMBCug6LaFabt3YAyBDBWX5/Fn6z3qHcDy//XDrxg==",
        "dependencies": {
          "System.IO": "4.3.0",
          "System.Reflection": "4.3.0",
          "System.Reflection.Emit.ILGeneration": "4.3.0",
          "System.Reflection.Primitives": "4.3.0",
          "System.Runtime": "4.3.0"
        }
      },
      "System.Reflection.Emit.ILGeneration": {
        "type": "Transitive",
        "resolved": "4.3.0",
        "contentHash": "CarYnRDYxv7GNZxDQ08OGHXsqhgeOfjVeHNcro0PjWZ5XPs4yk52e/+pCZHEQtjYmobj9qGXlDYBFtBETz9v8Q==",
        "dependencies": {
          "System.Reflection": "4.3.0",
          "System.Reflection.Primitives": "4.3.0",
          "System.Runtime": "4.3.0"
        }
      },
      "System.Reflection.Emit.Lightweight": {
        "type": "Transitive",
        "resolved": "4.3.0",
        "contentHash": "VXrMDSjyi7FtTyI3qUEpvqJCvGw1P7YRyPKA7AbdY7NIpq5G52EatRwnmC0dCIBipCc3fA8Sn/NJ9Ws70Mgo0Q==",
        "dependencies": {
          "System.Reflection": "4.3.0",
          "System.Reflection.Emit.ILGeneration": "4.3.0",
          "System.Reflection.Primitives": "4.3.0",
          "System.Runtime": "4.3.0"
        }
      },
      "System.Reflection.Extensions": {
        "type": "Transitive",
        "resolved": "4.3.0",
        "contentHash": "Hon5pmW4EDLuxPML0u3u137jbEhNz6xHZyIkUtvq/TMeg8TxAybiOqKbMbxuGQITWiE/5x/3pmiy4AgfzAQUMQ==",
        "dependencies": {
          "Microsoft.NETCore.Platforms": "1.1.0",
          "Microsoft.NETCore.Targets": "1.1.0",
          "System.Reflection": "4.3.0",
          "System.Runtime": "4.3.0"
        }
      },
      "System.Reflection.Primitives": {
        "type": "Transitive",
        "resolved": "4.3.0",
        "contentHash": "GxSLBE8LW107oJblOzD/LY0DdPYCk8+u+Z0RYncjBg61PWzh+ms2HAiypDkQuKZUV9pvQ0CYJDvMOYR+IG3dVg==",
        "dependencies": {
          "Microsoft.NETCore.Platforms": "1.1.0",
          "Microsoft.NETCore.Targets": "1.1.0",
          "System.Runtime": "4.3.0"
        }
      },
      "System.Reflection.TypeExtensions": {
        "type": "Transitive",
        "resolved": "4.3.0",
        "contentHash": "+jBS7K7A7JZQ1DcGZM0s4yWFJRGNPs69l2E3ctyoL38TPOkxpodqE8qi2cH/JG4lZLtyUl2AMRtkIMCcUyL+cw==",
        "dependencies": {
          "System.Reflection": "4.3.0",
          "System.Runtime": "4.3.0"
        }
      },
      "System.Resources.ResourceManager": {
        "type": "Transitive",
        "resolved": "4.3.0",
        "contentHash": "y7OZS9jug2lSgll4+YujUQdHOESArmCan7J1MuwAB2Jm+PZYezf8QlpnsdS6WMoJPP/XtqWMB3CF+m3D87+oAA==",
        "dependencies": {
          "Microsoft.NETCore.Platforms": "1.1.0",
          "Microsoft.NETCore.Targets": "1.1.0",
          "System.Globalization": "4.3.0",
          "System.Reflection": "4.3.0",
          "System.Runtime": "4.3.0"
        }
      },
      "System.Runtime": {
        "type": "Transitive",
        "resolved": "4.3.0",
        "contentHash": "IJDg2SiKDx3iZblIoNWEe2aokEi3Fr5yye6wcyT8kVmNNIX4jceo/QxkfFr+tCVyU46r91DeD0egvb99qjJl1g==",
        "dependencies": {
          "Microsoft.NETCore.Platforms": "1.1.0",
          "Microsoft.NETCore.Targets": "1.1.0"
        }
      },
      "System.Runtime.Extensions": {
        "type": "Transitive",
        "resolved": "4.3.0",
        "contentHash": "oyYRbEHHeettYuqbt3uT3csRUwZdT8AZ6XUmoxtx2eWPfd41vY7cvRSZkMcpMav4g+d6olBJ7Wp7O+jloowQnA==",
        "dependencies": {
          "Microsoft.NETCore.Platforms": "1.1.0",
          "Microsoft.NETCore.Targets": "1.1.0",
          "System.Runtime": "4.3.0"
        }
      },
      "System.Runtime.Handles": {
        "type": "Transitive",
        "resolved": "4.3.0",
        "contentHash": "mPCYAJpxy2Ew/NDvMfja7SczXVCwxlBAhz2pxNsLQ5oMSHLV48hXP4qomo9M5uIkGCSBBEVrL4AhPSnih7YI3A==",
        "dependencies": {
          "Microsoft.NETCore.Platforms": "1.1.0",
          "Microsoft.NETCore.Targets": "1.1.0",
          "System.Runtime": "4.3.0"
        }
      },
      "System.Runtime.InteropServices": {
        "type": "Transitive",
        "resolved": "4.3.0",
        "contentHash": "KuM8txzUYiVaweyQf+RCx+0Qm8Os1hOLHRrOskNpc/FagPZQAD+Xe9NLP4tUb7NxMbdtaZqb53+PbKbBQQt6LA==",
        "dependencies": {
          "Microsoft.NETCore.Platforms": "1.1.0",
          "Microsoft.NETCore.Targets": "1.1.0",
          "System.Reflection": "4.3.0",
          "System.Reflection.Primitives": "4.3.0",
          "System.Runtime": "4.3.0",
          "System.Runtime.Handles": "4.3.0"
        }
      },
      "System.Runtime.Serialization.Formatters": {
        "type": "Transitive",
        "resolved": "4.3.0",
        "contentHash": "NwcYAel30meBucAsPRQ6nzhFZHNu0EyzWz3Ihvi0t1vYI1wz3nfFfFfsHpN4i670XDHMtPPY0IMWOzseGGkcAQ==",
        "dependencies": {
          "System.Collections": "4.3.0",
          "System.Reflection": "4.3.0",
          "System.Resources.ResourceManager": "4.3.0",
          "System.Runtime": "4.3.0",
          "System.Runtime.Serialization.Primitives": "4.3.0"
        }
      },
      "System.Runtime.Serialization.Primitives": {
        "type": "Transitive",
        "resolved": "4.3.0",
        "contentHash": "1sSBt1adkOteAPp2iNh4nl9rrQLS57S944je2GG9aqiZgG1bjmcHynmSkYdcus764SWe9eRv0BM9l6CA/jOqAw==",
        "dependencies": {
          "System.Resources.ResourceManager": "4.3.0",
          "System.Runtime": "4.3.0"
        }
      },
      "System.Text.Encoding": {
        "type": "Transitive",
        "resolved": "4.3.0",
        "contentHash": "IZk5IP12chV9/xAm4bB+/SpsHlXKCr9p711nEZ3S7HArujHcKItubHVfuo54PMdKmsSZMqaHF2du67FhN9MLiQ==",
        "dependencies": {
          "Microsoft.NETCore.Platforms": "1.1.0",
          "Microsoft.NETCore.Targets": "1.1.0",
          "System.Runtime": "4.3.0"
        }
      },
      "System.Text.Encoding.Extensions": {
        "type": "Transitive",
        "resolved": "4.3.0",
        "contentHash": "UHM67azHgRDkTY1cUzuXsFOVWVmizPJVH0G5yB168uVx3QyLw0BZrjimeQZO6SClHd98TijP/sZKfAzwnmvkfw==",
        "dependencies": {
          "Microsoft.NETCore.Platforms": "1.1.0",
          "Microsoft.NETCore.Targets": "1.1.0",
          "System.Runtime": "4.3.0",
          "System.Text.Encoding": "4.3.0"
        }
      },
      "System.Text.RegularExpressions": {
        "type": "Transitive",
        "resolved": "4.3.0",
        "contentHash": "oOoGTGnfU1y5qhSaWWGOktsmk/pOmQeiT/DzAdURXxdn/ZMzGGUH8ZvpSpTUmc7H7KXr4e3yECuUKuxF0PBqbA==",
        "dependencies": {
          "System.Collections": "4.3.0",
          "System.Globalization": "4.3.0",
          "System.Resources.ResourceManager": "4.3.0",
          "System.Runtime": "4.3.0",
          "System.Runtime.Extensions": "4.3.0",
          "System.Threading": "4.3.0"
        }
      },
      "System.Threading": {
        "type": "Transitive",
        "resolved": "4.3.0",
        "contentHash": "JCCNEiGrrl6Nne6cP0BMY7myoQoxryRguEYwIyuuqzaIITRrRadei8NYJFj7jVxr5GRNmNqDE3U4g8DZvV++Tg==",
        "dependencies": {
          "System.Runtime": "4.3.0",
          "System.Threading.Tasks": "4.3.0"
        }
      },
      "System.Threading.Tasks": {
        "type": "Transitive",
        "resolved": "4.3.0",
        "contentHash": "CDwW9DnVuoaA1d9tWNfudxnfRlHoteJEI1h4r7iixw4PAYsLMa2aYtTbF/PaEkOf1j2BzjE+xDuC0YxKNNMVEg==",
        "dependencies": {
          "Microsoft.NETCore.Platforms": "1.1.0",
          "Microsoft.NETCore.Targets": "1.1.0",
          "System.Runtime": "4.3.0"
        }
      },
      "System.Threading.Tasks.Extensions": {
        "type": "Transitive",
        "resolved": "4.3.0",
        "contentHash": "HdMs+v15rNoM54TLM8kiNSB1k3QVp14IRLc5ayTGVtof6m/GzHTG1N1nxgsVbeGjqUzlYr7CEO9PEN6goEqtZA==",
        "dependencies": {
          "System.Collections": "4.3.0",
          "System.Runtime": "4.3.0",
          "System.Threading.Tasks": "4.3.0"
        }
      },
      "System.Xml.ReaderWriter": {
        "type": "Transitive",
        "resolved": "4.3.0",
        "contentHash": "lXwqjRSA6TbCI5dh2WlniHI/hmNf737hB+DpydFJTCyDFF6AoPpA9twKAYqtZihobOoijCuudIhiKEkgU8BjFw==",
        "dependencies": {
          "System.Collections": "4.3.0",
          "System.Diagnostics.Debug": "4.3.0",
          "System.Globalization": "4.3.0",
          "System.IO": "4.3.0",
          "System.IO.FileSystem": "4.3.0",
          "System.IO.FileSystem.Primitives": "4.3.0",
          "System.Resources.ResourceManager": "4.3.0",
          "System.Runtime": "4.3.0",
          "System.Runtime.Extensions": "4.3.0",
          "System.Runtime.InteropServices": "4.3.0",
          "System.Text.Encoding": "4.3.0",
          "System.Text.Encoding.Extensions": "4.3.0",
          "System.Text.RegularExpressions": "4.3.0",
          "System.Threading.Tasks": "4.3.0",
          "System.Threading.Tasks.Extensions": "4.3.0"
        }
      },
      "System.Xml.XmlDocument": {
        "type": "Transitive",
        "resolved": "4.3.0",
        "contentHash": "uwrSy+MUSamg2Oh8J1EkAUHdw7Ei1Tmq7V/Lq/LP0iVnbfJvNbIpLY6lSk0TMZYh/ZAWjeKHzwfbl7JrLxMQeA==",
        "dependencies": {
          "System.Collections": "4.3.0",
          "System.Diagnostics.Debug": "4.3.0",
          "System.Globalization": "4.3.0",
          "System.IO": "4.3.0",
          "System.Resources.ResourceManager": "4.3.0",
          "System.Runtime": "4.3.0",
          "System.Runtime.Extensions": "4.3.0",
          "System.Text.Encoding": "4.3.0",
          "System.Threading": "4.3.0",
          "System.Xml.ReaderWriter": "4.3.0"
        }
      }
    }
  }
}